// !$*UTF8*$!
{
	archiveVersion = 1;
	classes = {
	};
	objectVersion = 52;
	objects = {

/* Begin PBXBuildFile section */
		4A16076C258CE8E10029C80E /* CompanyBuilder.swift in Sources */ = {isa = PBXBuildFile; fileRef = 4A16076B258CE8E10029C80E /* CompanyBuilder.swift */; };
		4A25A78F258A699300BED453 /* AppDelegate.swift in Sources */ = {isa = PBXBuildFile; fileRef = 4A25A78E258A699300BED453 /* AppDelegate.swift */; };
		4A25A791258A699300BED453 /* SceneDelegate.swift in Sources */ = {isa = PBXBuildFile; fileRef = 4A25A790258A699300BED453 /* SceneDelegate.swift */; };
		4A25A793258A699300BED453 /* ViewController.swift in Sources */ = {isa = PBXBuildFile; fileRef = 4A25A792258A699300BED453 /* ViewController.swift */; };
		4A25A796258A699300BED453 /* Main.storyboard in Resources */ = {isa = PBXBuildFile; fileRef = 4A25A794258A699300BED453 /* Main.storyboard */; };
		4A25A798258A699400BED453 /* Assets.xcassets in Resources */ = {isa = PBXBuildFile; fileRef = 4A25A797258A699400BED453 /* Assets.xcassets */; };
		4A25A79B258A699400BED453 /* LaunchScreen.storyboard in Resources */ = {isa = PBXBuildFile; fileRef = 4A25A799258A699400BED453 /* LaunchScreen.storyboard */; };
		4A25A7A9258A95D000BED453 /* Toast in Frameworks */ = {isa = PBXBuildFile; productRef = 4A25A7A8258A95D000BED453 /* Toast */; };
		4AC09CAB258B941E00A0CEE9 /* EmployeeP.swift in Sources */ = {isa = PBXBuildFile; fileRef = 4AC09CAA258B941E00A0CEE9 /* EmployeeP.swift */; };
		4AD7FA73258C7F0100E41202 /* SecondViewController.swift in Sources */ = {isa = PBXBuildFile; fileRef = 4AD7FA72258C7F0100E41202 /* SecondViewController.swift */; };
		4AEA89FD258BCE1400AC9EE6 /* Assistant.swift in Sources */ = {isa = PBXBuildFile; fileRef = 4AEA89FC258BCE1400AC9EE6 /* Assistant.swift */; };
		4AEA8A00258BCE2E00AC9EE6 /* Director.swift in Sources */ = {isa = PBXBuildFile; fileRef = 4AEA89FF258BCE2E00AC9EE6 /* Director.swift */; };
		4AEA8A03258BCE4800AC9EE6 /* CompanyP.swift in Sources */ = {isa = PBXBuildFile; fileRef = 4AEA8A02258BCE4800AC9EE6 /* CompanyP.swift */; };
/* End PBXBuildFile section */

/* Begin PBXFileReference section */
		4A16076B258CE8E10029C80E /* CompanyBuilder.swift */ = {isa = PBXFileReference; lastKnownFileType = sourcecode.swift; path = CompanyBuilder.swift; sourceTree = "<group>"; };
		4A25A78B258A699300BED453 /* myCompanyScreen.app */ = {isa = PBXFileReference; explicitFileType = wrapper.application; includeInIndex = 0; path = myCompanyScreen.app; sourceTree = BUILT_PRODUCTS_DIR; };
		4A25A78E258A699300BED453 /* AppDelegate.swift */ = {isa = PBXFileReference; lastKnownFileType = sourcecode.swift; path = AppDelegate.swift; sourceTree = "<group>"; };
		4A25A790258A699300BED453 /* SceneDelegate.swift */ = {isa = PBXFileReference; lastKnownFileType = sourcecode.swift; path = SceneDelegate.swift; sourceTree = "<group>"; };
		4A25A792258A699300BED453 /* ViewController.swift */ = {isa = PBXFileReference; lastKnownFileType = sourcecode.swift; path = ViewController.swift; sourceTree = "<group>"; };
		4A25A795258A699300BED453 /* Base */ = {isa = PBXFileReference; lastKnownFileType = file.storyboard; name = Base; path = Base.lproj/Main.storyboard; sourceTree = "<group>"; };
		4A25A797258A699400BED453 /* Assets.xcassets */ = {isa = PBXFileReference; lastKnownFileType = folder.assetcatalog; path = Assets.xcassets; sourceTree = "<group>"; };
		4A25A79A258A699400BED453 /* Base */ = {isa = PBXFileReference; lastKnownFileType = file.storyboard; name = Base; path = Base.lproj/LaunchScreen.storyboard; sourceTree = "<group>"; };
		4A25A79C258A699400BED453 /* Info.plist */ = {isa = PBXFileReference; lastKnownFileType = text.plist.xml; path = Info.plist; sourceTree = "<group>"; };
		4AC09CAA258B941E00A0CEE9 /* EmployeeP.swift */ = {isa = PBXFileReference; lastKnownFileType = sourcecode.swift; path = EmployeeP.swift; sourceTree = "<group>"; };
		4AD7FA72258C7F0100E41202 /* SecondViewController.swift */ = {isa = PBXFileReference; lastKnownFileType = sourcecode.swift; path = SecondViewController.swift; sourceTree = "<group>"; };
		4AEA89FC258BCE1400AC9EE6 /* Assistant.swift */ = {isa = PBXFileReference; lastKnownFileType = sourcecode.swift; path = Assistant.swift; sourceTree = "<group>"; };
		4AEA89FF258BCE2E00AC9EE6 /* Director.swift */ = {isa = PBXFileReference; lastKnownFileType = sourcecode.swift; path = Director.swift; sourceTree = "<group>"; };
		4AEA8A02258BCE4800AC9EE6 /* CompanyP.swift */ = {isa = PBXFileReference; lastKnownFileType = sourcecode.swift; path = CompanyP.swift; sourceTree = "<group>"; };
/* End PBXFileReference section */

/* Begin PBXFrameworksBuildPhase section */
		4A25A788258A699300BED453 /* Frameworks */ = {
			isa = PBXFrameworksBuildPhase;
			buildActionMask = 2147483647;
			files = (
				4A25A7A9258A95D000BED453 /* Toast in Frameworks */,
			);
			runOnlyForDeploymentPostprocessing = 0;
		};
/* End PBXFrameworksBuildPhase section */

/* Begin PBXGroup section */
		4A25A782258A699300BED453 = {
			isa = PBXGroup;
			children = (
				4A25A78D258A699300BED453 /* myCompanyScreen */,
				4A25A78C258A699300BED453 /* Products */,
			);
			sourceTree = "<group>";
		};
		4A25A78C258A699300BED453 /* Products */ = {
			isa = PBXGroup;
			children = (
				4A25A78B258A699300BED453 /* myCompanyScreen.app */,
			);
			name = Products;
			sourceTree = "<group>";
		};
		4A25A78D258A699300BED453 /* myCompanyScreen */ = {
			isa = PBXGroup;
			children = (
				4AEA8A08258BCECA00AC9EE6 /* ViewController */,
				4AC09CA9258B93EE00A0CEE9 /* Model */,
				4A25A78E258A699300BED453 /* AppDelegate.swift */,
				4A25A790258A699300BED453 /* SceneDelegate.swift */,
				4A25A794258A699300BED453 /* Main.storyboard */,
				4A25A797258A699400BED453 /* Assets.xcassets */,
				4A25A799258A699400BED453 /* LaunchScreen.storyboard */,
				4A25A79C258A699400BED453 /* Info.plist */,
			);
			path = myCompanyScreen;
			sourceTree = "<group>";
		};
		4AC09CA9258B93EE00A0CEE9 /* Model */ = {
			isa = PBXGroup;
			children = (
				4AC09CAA258B941E00A0CEE9 /* EmployeeP.swift */,
				4AEA89FC258BCE1400AC9EE6 /* Assistant.swift */,
				4AEA89FF258BCE2E00AC9EE6 /* Director.swift */,
				4AEA8A02258BCE4800AC9EE6 /* CompanyP.swift */,
				4A16076B258CE8E10029C80E /* CompanyBuilder.swift */,
			);
			path = Model;
			sourceTree = "<group>";
		};
		4AEA8A08258BCECA00AC9EE6 /* ViewController */ = {
			isa = PBXGroup;
			children = (
				4A25A792258A699300BED453 /* ViewController.swift */,
				4AD7FA72258C7F0100E41202 /* SecondViewController.swift */,
			);
			path = ViewController;
			sourceTree = "<group>";
		};
/* End PBXGroup section */

/* Begin PBXNativeTarget section */
		4A25A78A258A699300BED453 /* myCompanyScreen */ = {
			isa = PBXNativeTarget;
			buildConfigurationList = 4A25A79F258A699400BED453 /* Build configuration list for PBXNativeTarget "myCompanyScreen" */;
			buildPhases = (
				4A25A787258A699300BED453 /* Sources */,
				4A25A788258A699300BED453 /* Frameworks */,
				4A25A789258A699300BED453 /* Resources */,
			);
			buildRules = (
			);
			dependencies = (
			);
			name = myCompanyScreen;
			packageProductDependencies = (
				4A25A7A8258A95D000BED453 /* Toast */,
			);
			productName = myCompanyScreen;
			productReference = 4A25A78B258A699300BED453 /* myCompanyScreen.app */;
			productType = "com.apple.product-type.application";
		};
/* End PBXNativeTarget section */

/* Begin PBXProject section */
		4A25A783258A699300BED453 /* Project object */ = {
			isa = PBXProject;
			attributes = {
				LastSwiftUpdateCheck = 1230;
				LastUpgradeCheck = 1230;
				TargetAttributes = {
					4A25A78A258A699300BED453 = {
						CreatedOnToolsVersion = 12.3;
					};
				};
			};
			buildConfigurationList = 4A25A786258A699300BED453 /* Build configuration list for PBXProject "myCompanyScreen" */;
			compatibilityVersion = "Xcode 9.3";
			developmentRegion = en;
			hasScannedForEncodings = 0;
			knownRegions = (
				en,
				Base,
			);
			mainGroup = 4A25A782258A699300BED453;
			packageReferences = (
				4A25A7A7258A95D000BED453 /* XCRemoteSwiftPackageReference "Toast-Swift" */,
			);
			productRefGroup = 4A25A78C258A699300BED453 /* Products */;
			projectDirPath = "";
			projectRoot = "";
			targets = (
				4A25A78A258A699300BED453 /* myCompanyScreen */,
			);
		};
/* End PBXProject section */

/* Begin PBXResourcesBuildPhase section */
		4A25A789258A699300BED453 /* Resources */ = {
			isa = PBXResourcesBuildPhase;
			buildActionMask = 2147483647;
			files = (
				4A25A79B258A699400BED453 /* LaunchScreen.storyboard in Resources */,
				4A25A798258A699400BED453 /* Assets.xcassets in Resources */,
				4A25A796258A699300BED453 /* Main.storyboard in Resources */,
			);
			runOnlyForDeploymentPostprocessing = 0;
		};
/* End PBXResourcesBuildPhase section */

/* Begin PBXSourcesBuildPhase section */
		4A25A787258A699300BED453 /* Sources */ = {
			isa = PBXSourcesBuildPhase;
			buildActionMask = 2147483647;
			files = (
				4AEA8A03258BCE4800AC9EE6 /* CompanyP.swift in Sources */,
				4A25A793258A699300BED453 /* ViewController.swift in Sources */,
				4A25A78F258A699300BED453 /* AppDelegate.swift in Sources */,
				4AD7FA73258C7F0100E41202 /* SecondViewController.swift in Sources */,
				4AEA8A00258BCE2E00AC9EE6 /* Director.swift in Sources */,
				4AC09CAB258B941E00A0CEE9 /* EmployeeP.swift in Sources */,
				4AEA89FD258BCE1400AC9EE6 /* Assistant.swift in Sources */,
				4A25A791258A699300BED453 /* SceneDelegate.swift in Sources */,
				4A16076C258CE8E10029C80E /* CompanyBuilder.swift in Sources */,
			);
			runOnlyForDeploymentPostprocessing = 0;
		};
/* End PBXSourcesBuildPhase section */

/* Begin PBXVariantGroup section */
		4A25A794258A699300BED453 /* Main.storyboard */ = {
			isa = PBXVariantGroup;
			children = (
				4A25A795258A699300BED453 /* Base */,
			);
			name = Main.storyboard;
			sourceTree = "<group>";
		};
		4A25A799258A699400BED453 /* LaunchScreen.storyboard */ = {
			isa = PBXVariantGroup;
			children = (
				4A25A79A258A699400BED453 /* Base */,
			);
			name = LaunchScreen.storyboard;
			sourceTree = "<group>";
		};
/* End PBXVariantGroup section */

/* Begin XCBuildConfiguration section */
		4A25A79D258A699400BED453 /* Debug */ = {
			isa = XCBuildConfiguration;
			buildSettings = {
				ALWAYS_SEARCH_USER_PATHS = NO;
				CLANG_ANALYZER_NONNULL = YES;
				CLANG_ANALYZER_NUMBER_OBJECT_CONVERSION = YES_AGGRESSIVE;
				CLANG_CXX_LANGUAGE_STANDARD = "gnu++14";
				CLANG_CXX_LIBRARY = "libc++";
				CLANG_ENABLE_MODULES = YES;
				CLANG_ENABLE_OBJC_ARC = YES;
				CLANG_ENABLE_OBJC_WEAK = YES;
				CLANG_WARN_BLOCK_CAPTURE_AUTORELEASING = YES;
				CLANG_WARN_BOOL_CONVERSION = YES;
				CLANG_WARN_COMMA = YES;
				CLANG_WARN_CONSTANT_CONVERSION = YES;
				CLANG_WARN_DEPRECATED_OBJC_IMPLEMENTATIONS = YES;
				CLANG_WARN_DIRECT_OBJC_ISA_USAGE = YES_ERROR;
				CLANG_WARN_DOCUMENTATION_COMMENTS = YES;
				CLANG_WARN_EMPTY_BODY = YES;
				CLANG_WARN_ENUM_CONVERSION = YES;
				CLANG_WARN_INFINITE_RECURSION = YES;
				CLANG_WARN_INT_CONVERSION = YES;
				CLANG_WARN_NON_LITERAL_NULL_CONVERSION = YES;
				CLANG_WARN_OBJC_IMPLICIT_RETAIN_SELF = YES;
				CLANG_WARN_OBJC_LITERAL_CONVERSION = YES;
				CLANG_WARN_OBJC_ROOT_CLASS = YES_ERROR;
				CLANG_WARN_QUOTED_INCLUDE_IN_FRAMEWORK_HEADER = YES;
				CLANG_WARN_RANGE_LOOP_ANALYSIS = YES;
				CLANG_WARN_STRICT_PROTOTYPES = YES;
				CLANG_WARN_SUSPICIOUS_MOVE = YES;
				CLANG_WARN_UNGUARDED_AVAILABILITY = YES_AGGRESSIVE;
				CLANG_WARN_UNREACHABLE_CODE = YES;
				CLANG_WARN__DUPLICATE_METHOD_MATCH = YES;
				COPY_PHASE_STRIP = NO;
				DEBUG_INFORMATION_FORMAT = dwarf;
				ENABLE_STRICT_OBJC_MSGSEND = YES;
				ENABLE_TESTABILITY = YES;
				GCC_C_LANGUAGE_STANDARD = gnu11;
				GCC_DYNAMIC_NO_PIC = NO;
				GCC_NO_COMMON_BLOCKS = YES;
				GCC_OPTIMIZATION_LEVEL = 0;
				GCC_PREPROCESSOR_DEFINITIONS = (
					"DEBUG=1",
					"$(inherited)",
				);
				GCC_WARN_64_TO_32_BIT_CONVERSION = YES;
				GCC_WARN_ABOUT_RETURN_TYPE = YES_ERROR;
				GCC_WARN_UNDECLARED_SELECTOR = YES;
				GCC_WARN_UNINITIALIZED_AUTOS = YES_AGGRESSIVE;
				GCC_WARN_UNUSED_FUNCTION = YES;
				GCC_WARN_UNUSED_VARIABLE = YES;
				IPHONEOS_DEPLOYMENT_TARGET = 14.3;
				MTL_ENABLE_DEBUG_INFO = INCLUDE_SOURCE;
				MTL_FAST_MATH = YES;
				ONLY_ACTIVE_ARCH = YES;
				SDKROOT = iphoneos;
				SWIFT_ACTIVE_COMPILATION_CONDITIONS = DEBUG;
				SWIFT_OPTIMIZATION_LEVEL = "-Onone";
			};
			name = Debug;
		};
		4A25A79E258A699400BED453 /* Release */ = {
			isa = XCBuildConfiguration;
			buildSettings = {
				ALWAYS_SEARCH_USER_PATHS = NO;
				CLANG_ANALYZER_NONNULL = YES;
				CLANG_ANALYZER_NUMBER_OBJECT_CONVERSION = YES_AGGRESSIVE;
				CLANG_CXX_LANGUAGE_STANDARD = "gnu++14";
				CLANG_CXX_LIBRARY = "libc++";
				CLANG_ENABLE_MODULES = YES;
				CLANG_ENABLE_OBJC_ARC = YES;
				CLANG_ENABLE_OBJC_WEAK = YES;
				CLANG_WARN_BLOCK_CAPTURE_AUTORELEASING = YES;
				CLANG_WARN_BOOL_CONVERSION = YES;
				CLANG_WARN_COMMA = YES;
				CLANG_WARN_CONSTANT_CONVERSION = YES;
				CLANG_WARN_DEPRECATED_OBJC_IMPLEMENTATIONS = YES;
				CLANG_WARN_DIRECT_OBJC_ISA_USAGE = YES_ERROR;
				CLANG_WARN_DOCUMENTATION_COMMENTS = YES;
				CLANG_WARN_EMPTY_BODY = YES;
				CLANG_WARN_ENUM_CONVERSION = YES;
				CLANG_WARN_INFINITE_RECURSION = YES;
				CLANG_WARN_INT_CONVERSION = YES;
				CLANG_WARN_NON_LITERAL_NULL_CONVERSION = YES;
				CLANG_WARN_OBJC_IMPLICIT_RETAIN_SELF = YES;
				CLANG_WARN_OBJC_LITERAL_CONVERSION = YES;
				CLANG_WARN_OBJC_ROOT_CLASS = YES_ERROR;
				CLANG_WARN_QUOTED_INCLUDE_IN_FRAMEWORK_HEADER = YES;
				CLANG_WARN_RANGE_LOOP_ANALYSIS = YES;
				CLANG_WARN_STRICT_PROTOTYPES = YES;
				CLANG_WARN_SUSPICIOUS_MOVE = YES;
				CLANG_WARN_UNGUARDED_AVAILABILITY = YES_AGGRESSIVE;
				CLANG_WARN_UNREACHABLE_CODE = YES;
				CLANG_WARN__DUPLICATE_METHOD_MATCH = YES;
				COPY_PHASE_STRIP = NO;
				DEBUG_INFORMATION_FORMAT = "dwarf-with-dsym";
				ENABLE_NS_ASSERTIONS = NO;
				ENABLE_STRICT_OBJC_MSGSEND = YES;
				GCC_C_LANGUAGE_STANDARD = gnu11;
				GCC_NO_COMMON_BLOCKS = YES;
				GCC_WARN_64_TO_32_BIT_CONVERSION = YES;
				GCC_WARN_ABOUT_RETURN_TYPE = YES_ERROR;
				GCC_WARN_UNDECLARED_SELECTOR = YES;
				GCC_WARN_UNINITIALIZED_AUTOS = YES_AGGRESSIVE;
				GCC_WARN_UNUSED_FUNCTION = YES;
				GCC_WARN_UNUSED_VARIABLE = YES;
				IPHONEOS_DEPLOYMENT_TARGET = 14.3;
				MTL_ENABLE_DEBUG_INFO = NO;
				MTL_FAST_MATH = YES;
				SDKROOT = iphoneos;
				SWIFT_COMPILATION_MODE = wholemodule;
				SWIFT_OPTIMIZATION_LEVEL = "-O";
				VALIDATE_PRODUCT = YES;
			};
			name = Release;
		};
		4A25A7A0258A699400BED453 /* Debug */ = {
			isa = XCBuildConfiguration;
			buildSettings = {
				ASSETCATALOG_COMPILER_APPICON_NAME = AppIcon;
				ASSETCATALOG_COMPILER_GLOBAL_ACCENT_COLOR_NAME = AccentColor;
				CODE_SIGN_STYLE = Automatic;
				INFOPLIST_FILE = myCompanyScreen/Info.plist;
				LD_RUNPATH_SEARCH_PATHS = (
					"$(inherited)",
					"@executable_path/Frameworks",
				);
				PRODUCT_BUNDLE_IDENTIFIER = zt.myCompanyScreen;
				PRODUCT_NAME = "$(TARGET_NAME)";
				SWIFT_VERSION = 5.0;
				TARGETED_DEVICE_FAMILY = 1;
			};
			name = Debug;
		};
		4A25A7A1258A699400BED453 /* Release */ = {
			isa = XCBuildConfiguration;
			buildSettings = {
				ASSETCATALOG_COMPILER_APPICON_NAME = AppIcon;
				ASSETCATALOG_COMPILER_GLOBAL_ACCENT_COLOR_NAME = AccentColor;
				CODE_SIGN_STYLE = Automatic;
				INFOPLIST_FILE = myCompanyScreen/Info.plist;
				LD_RUNPATH_SEARCH_PATHS = (
					"$(inherited)",
					"@executable_path/Frameworks",
				);
				PRODUCT_BUNDLE_IDENTIFIER = zt.myCompanyScreen;
				PRODUCT_NAME = "$(TARGET_NAME)";
				SWIFT_VERSION = 5.0;
				TARGETED_DEVICE_FAMILY = 1;
			};
			name = Release;
		};
/* End XCBuildConfiguration section */

/* Begin XCConfigurationList section */
		4A25A786258A699300BED453 /* Build configuration list for PBXProject "myCompanyScreen" */ = {
			isa = XCConfigurationList;
			buildConfigurations = (
				4A25A79D258A699400BED453 /* Debug */,
				4A25A79E258A699400BED453 /* Release */,
			);
			defaultConfigurationIsVisible = 0;
			defaultConfigurationName = Release;
		};
		4A25A79F258A699400BED453 /* Build configuration list for PBXNativeTarget "myCompanyScreen" */ = {
			isa = XCConfigurationList;
			buildConfigurations = (
				4A25A7A0258A699400BED453 /* Debug */,
				4A25A7A1258A699400BED453 /* Release */,
			);
			defaultConfigurationIsVisible = 0;
			defaultConfigurationName = Release;
		};
/* End XCConfigurationList section */

/* Begin XCRemoteSwiftPackageReference section */
		4A25A7A7258A95D000BED453 /* XCRemoteSwiftPackageReference "Toast-Swift" */ = {
			isa = XCRemoteSwiftPackageReference;
			repositoryURL = "https://github.com/scalessec/Toast-Swift.git";
			requirement = {
				kind = upToNextMajorVersion;
				minimumVersion = 5.0.1;
			};
		};
/* End XCRemoteSwiftPackageReference section */

/* Begin XCSwiftPackageProductDependency section */
		4A25A7A8258A95D000BED453 /* Toast */ = {
			isa = XCSwiftPackageProductDependency;
			package = 4A25A7A7258A95D000BED453 /* XCRemoteSwiftPackageReference "Toast-Swift" */;
			productName = Toast;
		};
/* End XCSwiftPackageProductDependency section */
	};
	rootObject = 4A25A783258A699300BED453 /* Project object */;
}
